
Microsoft Visual Studio Solution File, Format Version 12.00
# Visual Studio 15
VisualStudioVersion = 15.0.26730.15
MinimumVisualStudioVersion = 10.0.40219.1
Project("{FAE04EC0-301F-11D3-BF4B-00C04F79EFBC}") = "Codejam", "Codejam\Codejam.csproj", "{C0BB14A5-CB9B-4D4A-8C2F-97EC78E22ACA}"
EndProject
Global
	GlobalSection(SolutionConfigurationPlatforms) = preSolution
		Debug|Any CPU = Debug|Any CPU
		Release|Any CPU = Release|Any CPU
	EndGlobalSection
	GlobalSection(ProjectConfigurationPlatforms) = postSolution
		{C0BB14A5-CB9B-4D4A-8C2F-97EC78E22ACA}.Debug|Any CPU.ActiveCfg = Debug|Any CPU
		{C0BB14A5-CB9B-4D4A-8C2F-97EC78E22ACA}.Debug|Any CPU.Build.0 = Debug|Any CPU
		{C0BB14A5-CB9B-4D4A-8C2F-97EC78E22ACA}.Release|Any CPU.ActiveCfg = Release|Any CPU
		{C0BB14A5-CB9B-4D4A-8C2F-97EC78E22ACA}.Release|Any CPU.Build.0 = Release|Any CPU
	EndGlobalSection
	GlobalSection(SolutionProperties) = preSolution
		HideSolutionNode = FALSE
	EndGlobalSection
	GlobalSection(ExtensibilityGlobals) = postSolution
		SolutionGuid = {2F285631-B9E3-4524-9CBF-686C4C3453D7}
	EndGlobalSection
EndGlobal
